
Microsoft Visual Studio Solution File, Format Version 12.00
# Visual Studio Version 17
VisualStudioVersion = 17.3.32922.545
MinimumVisualStudioVersion = 10.0.40219.1
Project("{FAE04EC0-301F-11D3-BF4B-00C04F79EFBC}") = "Oefening_04_04", "Oefening_04_04.csproj", "{B0610280-C8CA-4586-931E-9B334B807441}"
EndProject
Global
	GlobalSection(SolutionConfigurationPlatforms) = preSolution
		Debug|Any CPU = Debug|Any CPU
		Release|Any CPU = Release|Any CPU
	EndGlobalSection
	GlobalSection(ProjectConfigurationPlatforms) = postSolution
		{B0610280-C8CA-4586-931E-9B334B807441}.Debug|Any CPU.ActiveCfg = Debug|Any CPU
		{B0610280-C8CA-4586-931E-9B334B807441}.Debug|Any CPU.Build.0 = Debug|Any CPU
		{B0610280-C8CA-4586-931E-9B334B807441}.Release|Any CPU.ActiveCfg = Release|Any CPU
		{B0610280-C8CA-4586-931E-9B334B807441}.Release|Any CPU.Build.0 = Release|Any CPU
	EndGlobalSection
	GlobalSection(SolutionProperties) = preSolution
		HideSolutionNode = FALSE
	EndGlobalSection
	GlobalSection(ExtensibilityGlobals) = postSolution
		SolutionGuid = {886D9E7B-AB1F-40BD-B40B-A5CB4865287B}
	EndGlobalSection
EndGlobal
