
Microsoft Visual Studio Solution File, Format Version 12.00
# Visual Studio Version 17
VisualStudioVersion = 17.3.32922.545
MinimumVisualStudioVersion = 10.0.40219.1
Project("{FAE04EC0-301F-11D3-BF4B-00C04F79EFBC}") = "Oefening_03_05", "Oefening_03_05.csproj", "{D4990776-67DB-4FEC-BD8E-FA59B44CF21D}"
EndProject
Global
	GlobalSection(SolutionConfigurationPlatforms) = preSolution
		Debug|Any CPU = Debug|Any CPU
		Release|Any CPU = Release|Any CPU
	EndGlobalSection
	GlobalSection(ProjectConfigurationPlatforms) = postSolution
		{D4990776-67DB-4FEC-BD8E-FA59B44CF21D}.Debug|Any CPU.ActiveCfg = Debug|Any CPU
		{D4990776-67DB-4FEC-BD8E-FA59B44CF21D}.Debug|Any CPU.Build.0 = Debug|Any CPU
		{D4990776-67DB-4FEC-BD8E-FA59B44CF21D}.Release|Any CPU.ActiveCfg = Release|Any CPU
		{D4990776-67DB-4FEC-BD8E-FA59B44CF21D}.Release|Any CPU.Build.0 = Release|Any CPU
	EndGlobalSection
	GlobalSection(SolutionProperties) = preSolution
		HideSolutionNode = FALSE
	EndGlobalSection
	GlobalSection(ExtensibilityGlobals) = postSolution
		SolutionGuid = {865235C6-E309-4483-B610-3F709183DEEA}
	EndGlobalSection
EndGlobal
