
Microsoft Visual Studio Solution File, Format Version 12.00
# Visual Studio Version 17
VisualStudioVersion = 17.3.32922.545
MinimumVisualStudioVersion = 10.0.40219.1
Project("{FAE04EC0-301F-11D3-BF4B-00C04F79EFBC}") = "Oefening_04_02", "Oefening_04_02.csproj", "{813011E0-F5BA-4407-A87E-C0BE93A9542F}"
EndProject
Global
	GlobalSection(SolutionConfigurationPlatforms) = preSolution
		Debug|Any CPU = Debug|Any CPU
		Release|Any CPU = Release|Any CPU
	EndGlobalSection
	GlobalSection(ProjectConfigurationPlatforms) = postSolution
		{813011E0-F5BA-4407-A87E-C0BE93A9542F}.Debug|Any CPU.ActiveCfg = Debug|Any CPU
		{813011E0-F5BA-4407-A87E-C0BE93A9542F}.Debug|Any CPU.Build.0 = Debug|Any CPU
		{813011E0-F5BA-4407-A87E-C0BE93A9542F}.Release|Any CPU.ActiveCfg = Release|Any CPU
		{813011E0-F5BA-4407-A87E-C0BE93A9542F}.Release|Any CPU.Build.0 = Release|Any CPU
	EndGlobalSection
	GlobalSection(SolutionProperties) = preSolution
		HideSolutionNode = FALSE
	EndGlobalSection
	GlobalSection(ExtensibilityGlobals) = postSolution
		SolutionGuid = {D00D52B8-206B-4A40-BBAF-27C0190EC762}
	EndGlobalSection
EndGlobal
