
Microsoft Visual Studio Solution File, Format Version 12.00
# Visual Studio Version 17
VisualStudioVersion = 17.3.32929.385
MinimumVisualStudioVersion = 10.0.40219.1
Project("{FAE04EC0-301F-11D3-BF4B-00C04F79EFBC}") = "Oefening_05_05", "Oefening_05_05.csproj", "{BBC4E449-A239-41C7-9C99-B40FF5D8B779}"
EndProject
Global
	GlobalSection(SolutionConfigurationPlatforms) = preSolution
		Debug|Any CPU = Debug|Any CPU
		Release|Any CPU = Release|Any CPU
	EndGlobalSection
	GlobalSection(ProjectConfigurationPlatforms) = postSolution
		{BBC4E449-A239-41C7-9C99-B40FF5D8B779}.Debug|Any CPU.ActiveCfg = Debug|Any CPU
		{BBC4E449-A239-41C7-9C99-B40FF5D8B779}.Debug|Any CPU.Build.0 = Debug|Any CPU
		{BBC4E449-A239-41C7-9C99-B40FF5D8B779}.Release|Any CPU.ActiveCfg = Release|Any CPU
		{BBC4E449-A239-41C7-9C99-B40FF5D8B779}.Release|Any CPU.Build.0 = Release|Any CPU
	EndGlobalSection
	GlobalSection(SolutionProperties) = preSolution
		HideSolutionNode = FALSE
	EndGlobalSection
	GlobalSection(ExtensibilityGlobals) = postSolution
		SolutionGuid = {339B592A-5B97-466C-AD6C-19576E428C21}
	EndGlobalSection
EndGlobal
