
Microsoft Visual Studio Solution File, Format Version 12.00
# Visual Studio Version 17
VisualStudioVersion = 17.4.33122.133
MinimumVisualStudioVersion = 10.0.40219.1
Project("{FAE04EC0-301F-11D3-BF4B-00C04F79EFBC}") = "Oefening_10_01", "Oefening_10_01.csproj", "{D86315E1-B748-495E-80F0-7518D5E10200}"
EndProject
Global
	GlobalSection(SolutionConfigurationPlatforms) = preSolution
		Debug|Any CPU = Debug|Any CPU
		Release|Any CPU = Release|Any CPU
	EndGlobalSection
	GlobalSection(ProjectConfigurationPlatforms) = postSolution
		{D86315E1-B748-495E-80F0-7518D5E10200}.Debug|Any CPU.ActiveCfg = Debug|Any CPU
		{D86315E1-B748-495E-80F0-7518D5E10200}.Debug|Any CPU.Build.0 = Debug|Any CPU
		{D86315E1-B748-495E-80F0-7518D5E10200}.Release|Any CPU.ActiveCfg = Release|Any CPU
		{D86315E1-B748-495E-80F0-7518D5E10200}.Release|Any CPU.Build.0 = Release|Any CPU
	EndGlobalSection
	GlobalSection(SolutionProperties) = preSolution
		HideSolutionNode = FALSE
	EndGlobalSection
	GlobalSection(ExtensibilityGlobals) = postSolution
		SolutionGuid = {1F0E4A41-CB28-43C6-88E8-A99468C9F8C9}
	EndGlobalSection
EndGlobal
