
Microsoft Visual Studio Solution File, Format Version 12.00
# Visual Studio Version 17
VisualStudioVersion = 17.4.33110.190
MinimumVisualStudioVersion = 10.0.40219.1
Project("{FAE04EC0-301F-11D3-BF4B-00C04F79EFBC}") = "Oefening_08_04", "Oefening_08_04.csproj", "{59753790-FFAD-4C53-BACD-BB4D135CF1E3}"
EndProject
Global
	GlobalSection(SolutionConfigurationPlatforms) = preSolution
		Debug|Any CPU = Debug|Any CPU
		Release|Any CPU = Release|Any CPU
	EndGlobalSection
	GlobalSection(ProjectConfigurationPlatforms) = postSolution
		{59753790-FFAD-4C53-BACD-BB4D135CF1E3}.Debug|Any CPU.ActiveCfg = Debug|Any CPU
		{59753790-FFAD-4C53-BACD-BB4D135CF1E3}.Debug|Any CPU.Build.0 = Debug|Any CPU
		{59753790-FFAD-4C53-BACD-BB4D135CF1E3}.Release|Any CPU.ActiveCfg = Release|Any CPU
		{59753790-FFAD-4C53-BACD-BB4D135CF1E3}.Release|Any CPU.Build.0 = Release|Any CPU
	EndGlobalSection
	GlobalSection(SolutionProperties) = preSolution
		HideSolutionNode = FALSE
	EndGlobalSection
	GlobalSection(ExtensibilityGlobals) = postSolution
		SolutionGuid = {A28BE8E9-A142-4D8A-B035-5D5DB89745C9}
	EndGlobalSection
EndGlobal
