
Microsoft Visual Studio Solution File, Format Version 12.00
# Visual Studio Version 17
VisualStudioVersion = 17.4.33122.133
MinimumVisualStudioVersion = 10.0.40219.1
Project("{FAE04EC0-301F-11D3-BF4B-00C04F79EFBC}") = "Oefening_09_05", "Oefening_09_05.csproj", "{743B7EA1-FA95-4347-B5AB-6E88FC47223D}"
EndProject
Global
	GlobalSection(SolutionConfigurationPlatforms) = preSolution
		Debug|Any CPU = Debug|Any CPU
		Release|Any CPU = Release|Any CPU
	EndGlobalSection
	GlobalSection(ProjectConfigurationPlatforms) = postSolution
		{743B7EA1-FA95-4347-B5AB-6E88FC47223D}.Debug|Any CPU.ActiveCfg = Debug|Any CPU
		{743B7EA1-FA95-4347-B5AB-6E88FC47223D}.Debug|Any CPU.Build.0 = Debug|Any CPU
		{743B7EA1-FA95-4347-B5AB-6E88FC47223D}.Release|Any CPU.ActiveCfg = Release|Any CPU
		{743B7EA1-FA95-4347-B5AB-6E88FC47223D}.Release|Any CPU.Build.0 = Release|Any CPU
	EndGlobalSection
	GlobalSection(SolutionProperties) = preSolution
		HideSolutionNode = FALSE
	EndGlobalSection
	GlobalSection(ExtensibilityGlobals) = postSolution
		SolutionGuid = {C3C416B1-ECAE-42C4-86B1-A616A99A1C38}
	EndGlobalSection
EndGlobal
