
Microsoft Visual Studio Solution File, Format Version 12.00
# Visual Studio Version 17
VisualStudioVersion = 17.4.33110.190
MinimumVisualStudioVersion = 10.0.40219.1
Project("{FAE04EC0-301F-11D3-BF4B-00C04F79EFBC}") = "Oefening_08_05", "Oefening_08_05.csproj", "{02B43A80-D384-46B7-BAA8-97A0CB317871}"
EndProject
Global
	GlobalSection(SolutionConfigurationPlatforms) = preSolution
		Debug|Any CPU = Debug|Any CPU
		Release|Any CPU = Release|Any CPU
	EndGlobalSection
	GlobalSection(ProjectConfigurationPlatforms) = postSolution
		{02B43A80-D384-46B7-BAA8-97A0CB317871}.Debug|Any CPU.ActiveCfg = Debug|Any CPU
		{02B43A80-D384-46B7-BAA8-97A0CB317871}.Debug|Any CPU.Build.0 = Debug|Any CPU
		{02B43A80-D384-46B7-BAA8-97A0CB317871}.Release|Any CPU.ActiveCfg = Release|Any CPU
		{02B43A80-D384-46B7-BAA8-97A0CB317871}.Release|Any CPU.Build.0 = Release|Any CPU
	EndGlobalSection
	GlobalSection(SolutionProperties) = preSolution
		HideSolutionNode = FALSE
	EndGlobalSection
	GlobalSection(ExtensibilityGlobals) = postSolution
		SolutionGuid = {425F4F8B-677A-4606-BEE8-CDB1B17E6D47}
	EndGlobalSection
EndGlobal
