
Microsoft Visual Studio Solution File, Format Version 12.00
# Visual Studio Version 17
VisualStudioVersion = 17.3.32901.215
MinimumVisualStudioVersion = 10.0.40219.1
Project("{FAE04EC0-301F-11D3-BF4B-00C04F79EFBC}") = "Oefening_02_03", "Oefening_02_03.csproj", "{DCB6EA3F-81DC-4E79-8A71-59B7C9D5E692}"
EndProject
Global
	GlobalSection(SolutionConfigurationPlatforms) = preSolution
		Debug|Any CPU = Debug|Any CPU
		Release|Any CPU = Release|Any CPU
	EndGlobalSection
	GlobalSection(ProjectConfigurationPlatforms) = postSolution
		{DCB6EA3F-81DC-4E79-8A71-59B7C9D5E692}.Debug|Any CPU.ActiveCfg = Debug|Any CPU
		{DCB6EA3F-81DC-4E79-8A71-59B7C9D5E692}.Debug|Any CPU.Build.0 = Debug|Any CPU
		{DCB6EA3F-81DC-4E79-8A71-59B7C9D5E692}.Release|Any CPU.ActiveCfg = Release|Any CPU
		{DCB6EA3F-81DC-4E79-8A71-59B7C9D5E692}.Release|Any CPU.Build.0 = Release|Any CPU
	EndGlobalSection
	GlobalSection(SolutionProperties) = preSolution
		HideSolutionNode = FALSE
	EndGlobalSection
	GlobalSection(ExtensibilityGlobals) = postSolution
		SolutionGuid = {0D8A08D5-458A-446E-B9EF-C70E58B9F288}
	EndGlobalSection
EndGlobal
