
Microsoft Visual Studio Solution File, Format Version 12.00
# Visual Studio Version 17
VisualStudioVersion = 17.3.32922.545
MinimumVisualStudioVersion = 10.0.40219.1
Project("{FAE04EC0-301F-11D3-BF4B-00C04F79EFBC}") = "Oefening_03_03", "Oefening_03_03.csproj", "{FFE9DDE6-1215-4AE0-B738-68CA785BFEC4}"
EndProject
Global
	GlobalSection(SolutionConfigurationPlatforms) = preSolution
		Debug|Any CPU = Debug|Any CPU
		Release|Any CPU = Release|Any CPU
	EndGlobalSection
	GlobalSection(ProjectConfigurationPlatforms) = postSolution
		{FFE9DDE6-1215-4AE0-B738-68CA785BFEC4}.Debug|Any CPU.ActiveCfg = Debug|Any CPU
		{FFE9DDE6-1215-4AE0-B738-68CA785BFEC4}.Debug|Any CPU.Build.0 = Debug|Any CPU
		{FFE9DDE6-1215-4AE0-B738-68CA785BFEC4}.Release|Any CPU.ActiveCfg = Release|Any CPU
		{FFE9DDE6-1215-4AE0-B738-68CA785BFEC4}.Release|Any CPU.Build.0 = Release|Any CPU
	EndGlobalSection
	GlobalSection(SolutionProperties) = preSolution
		HideSolutionNode = FALSE
	EndGlobalSection
	GlobalSection(ExtensibilityGlobals) = postSolution
		SolutionGuid = {F24193A6-F1BE-46D9-A88D-F81B5608C95D}
	EndGlobalSection
EndGlobal
