
Microsoft Visual Studio Solution File, Format Version 12.00
# Visual Studio Version 17
VisualStudioVersion = 17.3.32901.215
MinimumVisualStudioVersion = 10.0.40219.1
Project("{FAE04EC0-301F-11D3-BF4B-00C04F79EFBC}") = "Oefening_03_00", "Oefening_03_00.csproj", "{58476158-59FA-4809-AC90-89DE35AC7743}"
EndProject
Global
	GlobalSection(SolutionConfigurationPlatforms) = preSolution
		Debug|Any CPU = Debug|Any CPU
		Release|Any CPU = Release|Any CPU
	EndGlobalSection
	GlobalSection(ProjectConfigurationPlatforms) = postSolution
		{58476158-59FA-4809-AC90-89DE35AC7743}.Debug|Any CPU.ActiveCfg = Debug|Any CPU
		{58476158-59FA-4809-AC90-89DE35AC7743}.Debug|Any CPU.Build.0 = Debug|Any CPU
		{58476158-59FA-4809-AC90-89DE35AC7743}.Release|Any CPU.ActiveCfg = Release|Any CPU
		{58476158-59FA-4809-AC90-89DE35AC7743}.Release|Any CPU.Build.0 = Release|Any CPU
	EndGlobalSection
	GlobalSection(SolutionProperties) = preSolution
		HideSolutionNode = FALSE
	EndGlobalSection
	GlobalSection(ExtensibilityGlobals) = postSolution
		SolutionGuid = {6A8993E6-170B-463E-8357-65A8DBC73FFF}
	EndGlobalSection
EndGlobal
