
Microsoft Visual Studio Solution File, Format Version 12.00
# Visual Studio Version 17
VisualStudioVersion = 17.4.33103.184
MinimumVisualStudioVersion = 10.0.40219.1
Project("{FAE04EC0-301F-11D3-BF4B-00C04F79EFBC}") = "Oefening_07_01", "Oefening_07_01.csproj", "{7CEA77EA-F2E4-4A23-8E21-590BD7BDFA07}"
EndProject
Global
	GlobalSection(SolutionConfigurationPlatforms) = preSolution
		Debug|Any CPU = Debug|Any CPU
		Release|Any CPU = Release|Any CPU
	EndGlobalSection
	GlobalSection(ProjectConfigurationPlatforms) = postSolution
		{7CEA77EA-F2E4-4A23-8E21-590BD7BDFA07}.Debug|Any CPU.ActiveCfg = Debug|Any CPU
		{7CEA77EA-F2E4-4A23-8E21-590BD7BDFA07}.Debug|Any CPU.Build.0 = Debug|Any CPU
		{7CEA77EA-F2E4-4A23-8E21-590BD7BDFA07}.Release|Any CPU.ActiveCfg = Release|Any CPU
		{7CEA77EA-F2E4-4A23-8E21-590BD7BDFA07}.Release|Any CPU.Build.0 = Release|Any CPU
	EndGlobalSection
	GlobalSection(SolutionProperties) = preSolution
		HideSolutionNode = FALSE
	EndGlobalSection
	GlobalSection(ExtensibilityGlobals) = postSolution
		SolutionGuid = {F07D6FF4-2D3F-4672-A9CA-E29634D60F4D}
	EndGlobalSection
EndGlobal
