
Microsoft Visual Studio Solution File, Format Version 12.00
# Visual Studio Version 17
VisualStudioVersion = 17.3.32901.215
MinimumVisualStudioVersion = 10.0.40219.1
Project("{FAE04EC0-301F-11D3-BF4B-00C04F79EFBC}") = "Oefening_02_05", "Oefening_02_05.csproj", "{8A18C622-0125-4FDB-9ED2-AA542047F7F5}"
EndProject
Global
	GlobalSection(SolutionConfigurationPlatforms) = preSolution
		Debug|Any CPU = Debug|Any CPU
		Release|Any CPU = Release|Any CPU
	EndGlobalSection
	GlobalSection(ProjectConfigurationPlatforms) = postSolution
		{8A18C622-0125-4FDB-9ED2-AA542047F7F5}.Debug|Any CPU.ActiveCfg = Debug|Any CPU
		{8A18C622-0125-4FDB-9ED2-AA542047F7F5}.Debug|Any CPU.Build.0 = Debug|Any CPU
		{8A18C622-0125-4FDB-9ED2-AA542047F7F5}.Release|Any CPU.ActiveCfg = Release|Any CPU
		{8A18C622-0125-4FDB-9ED2-AA542047F7F5}.Release|Any CPU.Build.0 = Release|Any CPU
	EndGlobalSection
	GlobalSection(SolutionProperties) = preSolution
		HideSolutionNode = FALSE
	EndGlobalSection
	GlobalSection(ExtensibilityGlobals) = postSolution
		SolutionGuid = {A3174B74-A5C3-489C-BF8A-048047A94840}
	EndGlobalSection
EndGlobal
