
Microsoft Visual Studio Solution File, Format Version 12.00
# Visual Studio Version 17
VisualStudioVersion = 17.4.33103.184
MinimumVisualStudioVersion = 10.0.40219.1
Project("{FAE04EC0-301F-11D3-BF4B-00C04F79EFBC}") = "Oefening_08_02", "Oefening_08_02.csproj", "{96D0F38D-9989-47DB-9D2E-F12984A86CE3}"
EndProject
Global
	GlobalSection(SolutionConfigurationPlatforms) = preSolution
		Debug|Any CPU = Debug|Any CPU
		Release|Any CPU = Release|Any CPU
	EndGlobalSection
	GlobalSection(ProjectConfigurationPlatforms) = postSolution
		{96D0F38D-9989-47DB-9D2E-F12984A86CE3}.Debug|Any CPU.ActiveCfg = Debug|Any CPU
		{96D0F38D-9989-47DB-9D2E-F12984A86CE3}.Debug|Any CPU.Build.0 = Debug|Any CPU
		{96D0F38D-9989-47DB-9D2E-F12984A86CE3}.Release|Any CPU.ActiveCfg = Release|Any CPU
		{96D0F38D-9989-47DB-9D2E-F12984A86CE3}.Release|Any CPU.Build.0 = Release|Any CPU
	EndGlobalSection
	GlobalSection(SolutionProperties) = preSolution
		HideSolutionNode = FALSE
	EndGlobalSection
	GlobalSection(ExtensibilityGlobals) = postSolution
		SolutionGuid = {5F5B8DFC-007B-4454-9B7A-ABA94D92355A}
	EndGlobalSection
EndGlobal
