
Microsoft Visual Studio Solution File, Format Version 12.00
# Visual Studio Version 17
VisualStudioVersion = 17.3.32901.215
MinimumVisualStudioVersion = 10.0.40219.1
Project("{FAE04EC0-301F-11D3-BF4B-00C04F79EFBC}") = "Oefening_02_00", "Oefening_02_00.csproj", "{A7C66AC1-7066-4A6E-ADC3-5B73C2C5C00A}"
EndProject
Global
	GlobalSection(SolutionConfigurationPlatforms) = preSolution
		Debug|Any CPU = Debug|Any CPU
		Release|Any CPU = Release|Any CPU
	EndGlobalSection
	GlobalSection(ProjectConfigurationPlatforms) = postSolution
		{A7C66AC1-7066-4A6E-ADC3-5B73C2C5C00A}.Debug|Any CPU.ActiveCfg = Debug|Any CPU
		{A7C66AC1-7066-4A6E-ADC3-5B73C2C5C00A}.Debug|Any CPU.Build.0 = Debug|Any CPU
		{A7C66AC1-7066-4A6E-ADC3-5B73C2C5C00A}.Release|Any CPU.ActiveCfg = Release|Any CPU
		{A7C66AC1-7066-4A6E-ADC3-5B73C2C5C00A}.Release|Any CPU.Build.0 = Release|Any CPU
	EndGlobalSection
	GlobalSection(SolutionProperties) = preSolution
		HideSolutionNode = FALSE
	EndGlobalSection
	GlobalSection(ExtensibilityGlobals) = postSolution
		SolutionGuid = {E3EAB664-0206-44B8-B476-EFBCA2079785}
	EndGlobalSection
EndGlobal
