
Microsoft Visual Studio Solution File, Format Version 12.00
# Visual Studio Version 17
VisualStudioVersion = 17.3.32922.545
MinimumVisualStudioVersion = 10.0.40219.1
Project("{FAE04EC0-301F-11D3-BF4B-00C04F79EFBC}") = "Oefening_04_05", "Oefening_04_05.csproj", "{CD29A8EC-742F-434A-8CA4-C70BE8FBBA7F}"
EndProject
Global
	GlobalSection(SolutionConfigurationPlatforms) = preSolution
		Debug|Any CPU = Debug|Any CPU
		Release|Any CPU = Release|Any CPU
	EndGlobalSection
	GlobalSection(ProjectConfigurationPlatforms) = postSolution
		{CD29A8EC-742F-434A-8CA4-C70BE8FBBA7F}.Debug|Any CPU.ActiveCfg = Debug|Any CPU
		{CD29A8EC-742F-434A-8CA4-C70BE8FBBA7F}.Debug|Any CPU.Build.0 = Debug|Any CPU
		{CD29A8EC-742F-434A-8CA4-C70BE8FBBA7F}.Release|Any CPU.ActiveCfg = Release|Any CPU
		{CD29A8EC-742F-434A-8CA4-C70BE8FBBA7F}.Release|Any CPU.Build.0 = Release|Any CPU
	EndGlobalSection
	GlobalSection(SolutionProperties) = preSolution
		HideSolutionNode = FALSE
	EndGlobalSection
	GlobalSection(ExtensibilityGlobals) = postSolution
		SolutionGuid = {3382D4DD-58E7-4AE6-8D84-23D051F706CE}
	EndGlobalSection
EndGlobal
